# THIS IS AN AUTOGENERATED FILE. DO NOT EDIT THIS FILE DIRECTLY.
# yarn lockfile v1


raw-loader@~0.5.1:
  version "0.5.1"
  resolved "https://registry.yarnpkg.com/raw-loader/-/raw-loader-0.5.1.tgz#0c3d0beaed8a01c966d9787bf778281252a979aa"

script-loader@^0.7.0:
  version "0.7.0"
  resolved "https://registry.yarnpkg.com/script-loader/-/script-loader-0.7.0.tgz#685dc7e7069e0dee7a92674f0ebc5b0f55baa5ec"
  dependencies:
    raw-loader "~0.5.1"
